{
  "name": "waste",
  "version": "1.0.0",
  "lockfileVersion": 3,
  "requires": true,
  "packages": {
    "": {
      "name": "waste",
      "version": "1.0.0",
      "license": "ISC",
      "dependencies": {
        "posthog-js": "^1.68.4",
        "typescript": "^5.1.3"
      }
    },
    "node_modules/fflate": {
      "version": "0.4.8",
      "resolved": "https://registry.npmjs.org/fflate/-/fflate-0.4.8.tgz",
      "integrity": "sha512-FJqqoDBR00Mdj9ppamLa/Y7vxm+PRmNWA67N846RvsoYVMKB4q3y/de5PA7gUmRMYK/8CMz2GDZQmCRN1wBcWA=="
    },
    "node_modules/posthog-js": {
      "version": "1.68.4",
      "resolved": "https://registry.npmjs.org/posthog-js/-/posthog-js-1.68.4.tgz",
      "integrity": "sha512-rHk4uk99nvWiDTU7P2mFdEfzFR6km0hvOpCR3tm/+F7kCJKs7QDkMblOZZHZultxM4wSNyB4neeohmnHjKYUhQ==",
      "dependencies": {
        "fflate": "^0.4.1"
      }
    },
    "node_modules/typescript": {
      "version": "5.1.3",
      "resolved": "https://registry.npmjs.org/typescript/-/typescript-5.1.3.tgz",
      "integrity": "sha512-XH627E9vkeqhlZFQuL+UsyAXEnibT0kWR2FWONlr4sTjvxyJYnyefgrkyECLzM5NenmKzRAy2rR/OlYLA1HkZw==",
      "bin": {
        "tsc": "bin/tsc",
        "tsserver": "bin/tsserver"
      },
      "engines": {
        "node": ">=14.17"
      }
    }
  }
}
